lock-version = "1"

[[task]]
id = "ae_emission/task_import_aa_data.py::task_describe_dataset"
state = "9bc56e679c56fb192b625f9fb2ecc1d3e9965b559f66d56fa3acedcbda6e57a3"

[task.depends_on]
"ae_emission/data/test.parquet" = "8868cc6b49b7699df454379c4eb637cb5b99e4890c7adffa73131d7b77d57a91"

[task.produces]
"ae_emission/data/test.txt" = "c921bcad1fdc7dee1e4b6fb9142655f3fdab218eb15a83cfbda74b553653b66e"

[[task]]
id = "ae_emission/task_import_aa_data.py::task_import_aa_data"
state = "9bc56e679c56fb192b625f9fb2ecc1d3e9965b559f66d56fa3acedcbda6e57a3"

[task.depends_on]
"ae_emission/aa_data/test.pridb" = "47cc9e923970e499ca45d45f074c871a029016583a92b54f73c790544c102124"
"ae_emission/aa_data/test.tradb" = "dc2bffa5c338bfaf895846d0f4dd421783c7ba6375c899c34b5810d31139a942"

[task.produces]
"ae_emission/data/test.parquet" = "8868cc6b49b7699df454379c4eb637cb5b99e4890c7adffa73131d7b77d57a91"
