lock-version = "1"

[[task]]
id = "ae_pipeline/aa_data/task_collect_datasets.py::task_collect_datasets"
state = "b8f6c80112c68eeed823d15e1f98849500ced0520496d839bdcf2c295f09fda1"

[task.depends_on]

[task.produces]
".pytask/data_catalogs/ae-pipeline/714284abfa95a1447d7c34554c2d65b16fcfb1af22a44fc15489d13b76e951e5.pkl" = "7812fc34c6c29f42b8e7ff1173de3f08b346d040845973283797483322b82d89"

[[task]]
id = "ae_pipeline/aa_data/task_create_test_data.py::task_create_test_data"
state = "efa508782490cde1fa9bd2308284685f45da494c1e9d5732846548906526fb66"

[task.depends_on]

[task.produces]
"ae_pipeline/aa_data/test.pridb" = "df2e5004f7841638c21eb9a99ff87d8b1e803cd313a8387ba590d66209db6f7d"
"ae_pipeline/aa_data/test.tradb" = "30ea65ed1038bd8c0ee6e09bfd74c9046cf9434330c0e055221f4c0d28d9b831"

[[task]]
id = "ae_pipeline/data/task_import_aa_data.py::task_describe_dataset"
state = "b3321979527b790b6e957bbfed9e095412d536a494214dba57864a2f5625b6e8"

[task.depends_on]
"ae_pipeline/data/test.parquet" = "21be789abd80e5a394342afe13cab54e95a3bdc32fb179ea5116b590cd0c23d9"

[task.produces]
"ae_pipeline/data/test.txt" = "a0a0c386e45d3b6c7105cde8a45f1276048c3c4c281f69ed268ca922ba6335a0"

[[task]]
id = "ae_pipeline/data/task_import_aa_data.py::task_import_aa_data"
state = "b3321979527b790b6e957bbfed9e095412d536a494214dba57864a2f5625b6e8"

[task.depends_on]
"ae_pipeline/aa_data/test.pridb" = "df2e5004f7841638c21eb9a99ff87d8b1e803cd313a8387ba590d66209db6f7d"
"ae_pipeline/aa_data/test.tradb" = "30ea65ed1038bd8c0ee6e09bfd74c9046cf9434330c0e055221f4c0d28d9b831"

[task.produces]
"ae_pipeline/data/test.parquet" = "21be789abd80e5a394342afe13cab54e95a3bdc32fb179ea5116b590cd0c23d9"

[[task]]
id = "ae_pipeline/task_import_aa_data.py::task_describe_dataset"
state = "696023e4e014f4f81f7734a43eb82486dcbba43c8f3dfb2a5614d9c709c75de4"

[task.depends_on]
"ae_pipeline/data/test.parquet" = "21be789abd80e5a394342afe13cab54e95a3bdc32fb179ea5116b590cd0c23d9"

[task.produces]
"ae_pipeline/data/test.txt" = "4e6e3dca021711d8f752419e3fb601c71a4eefdec188742017953b9245580d63"

[[task]]
id = "ae_pipeline/task_import_aa_data.py::task_import_aa_data"
state = "696023e4e014f4f81f7734a43eb82486dcbba43c8f3dfb2a5614d9c709c75de4"

[task.depends_on]
"ae_pipeline/aa_data/test.pridb" = "df2e5004f7841638c21eb9a99ff87d8b1e803cd313a8387ba590d66209db6f7d"
"ae_pipeline/aa_data/test.tradb" = "30ea65ed1038bd8c0ee6e09bfd74c9046cf9434330c0e055221f4c0d28d9b831"

[task.produces]
"ae_pipeline/data/test.parquet" = "21be789abd80e5a394342afe13cab54e95a3bdc32fb179ea5116b590cd0c23d9"

[[task]]
id = "ae_pipeline/waveforms/task_waveforms.py::task_collect_waveforms"
state = "cdacbcab9a40a34b2c1df6d01a5e115303e74069a5d664d5ac6bcedaea41304c"

[task.depends_on]
".pytask/data_catalogs/ae-pipeline/714284abfa95a1447d7c34554c2d65b16fcfb1af22a44fc15489d13b76e951e5.pkl" = "7812fc34c6c29f42b8e7ff1173de3f08b346d040845973283797483322b82d89"

[task.produces]
".pytask/data_catalogs/ae-pipeline/d560c9358b2a81bc2ba0fd4330d4bbd9a349114ac671634c2e2a67f8e3ba920c.pkl" = "1a8c56c5c8db32c519c67b2a7ced9cf33f563326b7c7385b6493f65d8b2c3224"

[[task]]
id = "ae_pipeline/waveforms/task_waveforms.py::task_waveform_decode"
state = "cdacbcab9a40a34b2c1df6d01a5e115303e74069a5d664d5ac6bcedaea41304c"

[task.depends_on]
"ae_pipeline/data/test.parquet" = "21be789abd80e5a394342afe13cab54e95a3bdc32fb179ea5116b590cd0c23d9"
"ae_pipeline/waveforms/task_waveforms.py::task_waveform_decode::time" = "0"

[task.produces]
"ae_pipeline/waveforms/test/1024/signal.parquet" = "bf8c181269a06ad2b4e96b881ea201daf3b56ca14c27a813d42e028e690144a3"

[[task]]
id = "ae_pipeline/waveforms/task_waveforms.py::task_waveform_fft"
state = "cdacbcab9a40a34b2c1df6d01a5e115303e74069a5d664d5ac6bcedaea41304c"

[task.depends_on]
"ae_pipeline/waveforms/task_waveforms.py::task_waveform_fft::time" = "0"
"ae_pipeline/waveforms/test/1024/signal.parquet" = "bf8c181269a06ad2b4e96b881ea201daf3b56ca14c27a813d42e028e690144a3"

[task.produces]
"ae_pipeline/waveforms/test/1024/fft.parquet" = "ef7003ccfcf35ea4926d2ff8b29691c0758cd5bef2233ff506c38eb1a7375626"

[[task]]
id = "ae_pipeline/waveforms/task_waveforms.py::task_waveform_fft_plot"
state = "cdacbcab9a40a34b2c1df6d01a5e115303e74069a5d664d5ac6bcedaea41304c"

[task.depends_on]
"ae_pipeline/waveforms/test/1024/fft.parquet" = "ef7003ccfcf35ea4926d2ff8b29691c0758cd5bef2233ff506c38eb1a7375626"

[task.produces]
"ae_pipeline/waveforms/test/1024/fft.pdf" = "a50ae45df9f14ab8de3bdf510b905f41619bd93f73c0cb7cbe79f16d7f05d710"
"ae_pipeline/waveforms/test/1024/fft.png" = "b69a76fc18106ae2cdd17bdd81dbe28adf5ccfadffa2b3418b6fdec74f1b47e9"

[[task]]
id = "ae_pipeline/waveforms/task_waveforms.py::task_waveform_plot"
state = "cdacbcab9a40a34b2c1df6d01a5e115303e74069a5d664d5ac6bcedaea41304c"

[task.depends_on]
"ae_pipeline/waveforms/test/1024/signal.parquet" = "bf8c181269a06ad2b4e96b881ea201daf3b56ca14c27a813d42e028e690144a3"

[task.produces]
"ae_pipeline/waveforms/test/1024/signal.pdf" = "6d4afed95bd2383ca7d89931a28a911962d4b4cebded7c7a2504340c33d9b2e1"
"ae_pipeline/waveforms/test/1024/signal.png" = "59ab1a34055d5fbe7e24a13a89ca420e1544ffef4e2751d69f38b7e6b09eab37"

[[task]]
id = "ae_pipeline/waveforms/task_waveforms.py::task_waveforms"
state = "c72f55c0d9b383071dab2e52542f427dd6906d0d414e2b53ddc41172ff83c8b4"

[task.depends_on]
"ae_pipeline/data/test.parquet" = "21be789abd80e5a394342afe13cab54e95a3bdc32fb179ea5116b590cd0c23d9"

[task.produces]
"ae_pipeline/waveforms/test/waveform_1024.parquet" = "bf8c181269a06ad2b4e96b881ea201daf3b56ca14c27a813d42e028e690144a3"
"ae_pipeline/waveforms/test/waveform_1024.png" = "9e00062e8b3cb4cb00193826b53211a2e999b16a91e016b75973260645cfbd60"
"ae_pipeline/waveforms/test/waveform_fft_1024.parquet" = "b27a4a808d2755797d33323ce20509a9edf1a72f3476ca492ce396ce85d1324f"
